PODS:
  - AFNetworking (2.5.1):
    - AFNetworking/NSURLConnection (= 2.5.1)
    - AFNetworking/NSURLSession (= 2.5.1)
    - AFNetworking/Reachability (= 2.5.1)
    - AFNetworking/Security (= 2.5.1)
    - AFNetworking/Serialization (= 2.5.1)
    - AFNetworking/UIKit (= 2.5.1)
  - AFNetworking/NSURLConnection (2.5.1):
    - AFNetworking/Reachability
    - AFNetworking/Security
    - AFNetworking/Serialization
  - AFNetworking/NSURLSession (2.5.1):
    - AFNetworking/Reachability
    - AFNetworking/Security
    - AFNetworking/Serialization
  - AFNetworking/Reachability (2.5.1)
  - AFNetworking/Security (2.5.1)
  - AFNetworking/Serialization (2.5.1)
  - AFNetworking/UIKit (2.5.1):
    - AFNetworking/NSURLConnection
    - AFNetworking/NSURLSession
  - Bolts (1.1.4)
  - Braintree (3.7.0):
    - Braintree/API (= 3.7.0)
    - Braintree/Drop-In (= 3.7.0)
    - Braintree/Payments (= 3.7.0)
    - Braintree/PayPal (= 3.7.0)
    - Braintree/UI (= 3.7.0)
    - Braintree/Venmo (= 3.7.0)
  - Braintree/API (3.7.0)
  - Braintree/Drop-In (3.7.0):
    - Braintree/API
    - Braintree/Payments
    - Braintree/PayPal
    - Braintree/UI
    - Braintree/Venmo
  - Braintree/Payments (3.7.0):
    - Braintree/API
    - Braintree/PayPal
    - Braintree/Venmo
  - Braintree/PayPal (3.7.0):
    - Braintree/API
    - Braintree/UI
  - Braintree/UI (3.7.0):
    - Braintree/API
  - Braintree/Venmo (3.7.0):
    - Braintree/API
  - Facebook-iOS-SDK (3.23.0):
    - Bolts (~> 1.0)
  - FLEX (2.0.2)
  - Parse (1.6.4):
    - Bolts (~> 1.1)
  - ParseFacebookUtils (1.6.4):
    - Facebook-iOS-SDK (~> 3.20)
    - Parse (~> 1.6.4)
  - ParseUI (1.1.1):
    - Parse (~> 1.6)
    - ParseFacebookUtils (~> 1.6)

DEPENDENCIES:
  - AFNetworking
  - Braintree
  - FLEX
  - Parse
  - ParseUI

SPEC CHECKSUMS:
  AFNetworking: 8bee59492a6ff15d69130efa4d0dc67e0094a52a
  Bolts: dd9fb8433d67f5acc3b6b4d1379bbc5513d716c1
  Braintree: f65f0bb9c040ba91f66a63cf4190296d6530c276
  Facebook-iOS-SDK: 3d65f685348b789e46a9aacf92bfa85b60b63755
  FLEX: ca8700d0a703cb8828d55d689e7e86841dc51e5a
  Parse: c2610f7a12ad0defc974803b819c4efe7746e6db
  ParseFacebookUtils: 00833ccf6fec7d6429e2403fe457496a5089358b
  ParseUI: f7e9e0e5271f75a19c74ead8fdd95d36160e268e

COCOAPODS: 0.35.0
