// !$*UTF8*$!
{
	archiveVersion = 1;
	classes = {
	};
	objectVersion = 46;
	objects = {

/* Begin PBXBuildFile section */
		04C3625F1AAC289700146FD5 /* BXProductDetailViewController.m in Sources */ = {isa = PBXBuildFile; fileRef = 04C3625E1AAC289700146FD5 /* BXProductDetailViewController.m */; };
		179730BB9A941C5CD5DB39F4 /* libPods.a in Frameworks */ = {isa = PBXBuildFile; fileRef = 7ACD5607F61FC2CB48E56B7A /* libPods.a */; };
		8405FBE41AAA596B0069545B /* BXProductTableViewCell.m in Sources */ = {isa = PBXBuildFile; fileRef = 8405FBE31AAA596B0069545B /* BXProductTableViewCell.m */; };
		8405FBE71AAA5EC40069545B /* BXInitialViewController.m in Sources */ = {isa = PBXBuildFile; fileRef = 8405FBE61AAA5EC40069545B /* BXInitialViewController.m */; };
		8405FBED1AAA775D0069545B /* bt_mono-Bold.otf in Resources */ = {isa = PBXBuildFile; fileRef = 8405FBE91AAA775D0069545B /* bt_mono-Bold.otf */; };
		8405FBEE1AAA775D0069545B /* bt_mono-Heavy.otf in Resources */ = {isa = PBXBuildFile; fileRef = 8405FBEA1AAA775D0069545B /* bt_mono-Heavy.otf */; };
		8405FBEF1AAA775D0069545B /* bt_mono-Medium.otf in Resources */ = {isa = PBXBuildFile; fileRef = 8405FBEB1AAA775D0069545B /* bt_mono-Medium.otf */; };
		8405FBF01AAA775D0069545B /* bt_mono-Regular.otf in Resources */ = {isa = PBXBuildFile; fileRef = 8405FBEC1AAA775D0069545B /* bt_mono-Regular.otf */; };
		848634521AAA2AF600523BEB /* main.m in Sources */ = {isa = PBXBuildFile; fileRef = 848634511AAA2AF600523BEB /* main.m */; };
		848634551AAA2AF600523BEB /* AppDelegate.m in Sources */ = {isa = PBXBuildFile; fileRef = 848634541AAA2AF600523BEB /* AppDelegate.m */; };
		848634581AAA2AF600523BEB /* ProductsTableViewController.m in Sources */ = {isa = PBXBuildFile; fileRef = 848634571AAA2AF600523BEB /* ProductsTableViewController.m */; };
		8486345B1AAA2AF600523BEB /* Main.storyboard in Resources */ = {isa = PBXBuildFile; fileRef = 848634591AAA2AF600523BEB /* Main.storyboard */; };
		8486345D1AAA2AF600523BEB /* Images.xcassets in Resources */ = {isa = PBXBuildFile; fileRef = 8486345C1AAA2AF600523BEB /* Images.xcassets */; };
		848634601AAA2AF600523BEB /* LaunchScreen.xib in Resources */ = {isa = PBXBuildFile; fileRef = 8486345E1AAA2AF600523BEB /* LaunchScreen.xib */; };
		8486346C1AAA2AF600523BEB /* BuyfromXTests.m in Sources */ = {isa = PBXBuildFile; fileRef = 8486346B1AAA2AF600523BEB /* BuyfromXTests.m */; };
/* End PBXBuildFile section */

/* Begin PBXContainerItemProxy section */
		848634661AAA2AF600523BEB /* PBXContainerItemProxy */ = {
			isa = PBXContainerItemProxy;
			containerPortal = 848634441AAA2AF600523BEB /* Project object */;
			proxyType = 1;
			remoteGlobalIDString = 8486344B1AAA2AF600523BEB;
			remoteInfo = BuyfromX;
		};
/* End PBXContainerItemProxy section */

/* Begin PBXFileReference section */
		04C3625D1AAC289700146FD5 /* BXProductDetailViewController.h */ = {isa = PBXFileReference; fileEncoding = 4; lastKnownFileType = sourcecode.c.h; path = BXProductDetailViewController.h; sourceTree = "<group>"; };
		04C3625E1AAC289700146FD5 /* BXProductDetailViewController.m */ = {isa = PBXFileReference; fileEncoding = 4; lastKnownFileType = sourcecode.c.objc; path = BXProductDetailViewController.m; sourceTree = "<group>"; };
		2E4C09C779B20BDCD5C845C9 /* Pods.release.xcconfig */ = {isa = PBXFileReference; includeInIndex = 1; lastKnownFileType = text.xcconfig; name = Pods.release.xcconfig; path = "Pods/Target Support Files/Pods/Pods.release.xcconfig"; sourceTree = "<group>"; };
		5AA2E885B8CF7C64CFCD220D /* Pods.debug.xcconfig */ = {isa = PBXFileReference; includeInIndex = 1; lastKnownFileType = text.xcconfig; name = Pods.debug.xcconfig; path = "Pods/Target Support Files/Pods/Pods.debug.xcconfig"; sourceTree = "<group>"; };
		7ACD5607F61FC2CB48E56B7A /* libPods.a */ = {isa = PBXFileReference; explicitFileType = archive.ar; includeInIndex = 0; path = libPods.a; sourceTree = BUILT_PRODUCTS_DIR; };
		8405FBE21AAA596B0069545B /* BXProductTableViewCell.h */ = {isa = PBXFileReference; fileEncoding = 4; lastKnownFileType = sourcecode.c.h; path = BXProductTableViewCell.h; sourceTree = "<group>"; };
		8405FBE31AAA596B0069545B /* BXProductTableViewCell.m */ = {isa = PBXFileReference; fileEncoding = 4; lastKnownFileType = sourcecode.c.objc; path = BXProductTableViewCell.m; sourceTree = "<group>"; };
		8405FBE51AAA5EC40069545B /* BXInitialViewController.h */ = {isa = PBXFileReference; fileEncoding = 4; lastKnownFileType = sourcecode.c.h; path = BXInitialViewController.h; sourceTree = "<group>"; };
		8405FBE61AAA5EC40069545B /* BXInitialViewController.m */ = {isa = PBXFileReference; fileEncoding = 4; lastKnownFileType = sourcecode.c.objc; path = BXInitialViewController.m; sourceTree = "<group>"; };
		8405FBE91AAA775D0069545B /* bt_mono-Bold.otf */ = {isa = PBXFileReference; lastKnownFileType = file; path = "bt_mono-Bold.otf"; sourceTree = "<group>"; };
		8405FBEA1AAA775D0069545B /* bt_mono-Heavy.otf */ = {isa = PBXFileReference; lastKnownFileType = file; path = "bt_mono-Heavy.otf"; sourceTree = "<group>"; };
		8405FBEB1AAA775D0069545B /* bt_mono-Medium.otf */ = {isa = PBXFileReference; lastKnownFileType = file; path = "bt_mono-Medium.otf"; sourceTree = "<group>"; };
		8405FBEC1AAA775D0069545B /* bt_mono-Regular.otf */ = {isa = PBXFileReference; lastKnownFileType = file; path = "bt_mono-Regular.otf"; sourceTree = "<group>"; };
		8486344C1AAA2AF600523BEB /* BuyfromX.app */ = {isa = PBXFileReference; explicitFileType = wrapper.application; includeInIndex = 0; path = BuyfromX.app; sourceTree = BUILT_PRODUCTS_DIR; };
		848634501AAA2AF600523BEB /* Info.plist */ = {isa = PBXFileReference; lastKnownFileType = text.plist.xml; path = Info.plist; sourceTree = "<group>"; };
		848634511AAA2AF600523BEB /* main.m */ = {isa = PBXFileReference; lastKnownFileType = sourcecode.c.objc; path = main.m; sourceTree = "<group>"; };
		848634531AAA2AF600523BEB /* AppDelegate.h */ = {isa = PBXFileReference; lastKnownFileType = sourcecode.c.h; path = AppDelegate.h; sourceTree = "<group>"; };
		848634541AAA2AF600523BEB /* AppDelegate.m */ = {isa = PBXFileReference; lastKnownFileType = sourcecode.c.objc; path = AppDelegate.m; sourceTree = "<group>"; };
		848634561AAA2AF600523BEB /* ProductsTableViewController.h */ = {isa = PBXFileReference; lastKnownFileType = sourcecode.c.h; path = ProductsTableViewController.h; sourceTree = "<group>"; };
		848634571AAA2AF600523BEB /* ProductsTableViewController.m */ = {isa = PBXFileReference; lastKnownFileType = sourcecode.c.objc; path = ProductsTableViewController.m; sourceTree = "<group>"; };
		8486345A1AAA2AF600523BEB /* Base */ = {isa = PBXFileReference; lastKnownFileType = file.storyboard; name = Base; path = Base.lproj/Main.storyboard; sourceTree = "<group>"; };
		8486345C1AAA2AF600523BEB /* Images.xcassets */ = {isa = PBXFileReference; lastKnownFileType = folder.assetcatalog; path = Images.xcassets; sourceTree = "<group>"; };
		8486345F1AAA2AF600523BEB /* Base */ = {isa = PBXFileReference; lastKnownFileType = file.xib; name = Base; path = Base.lproj/LaunchScreen.xib; sourceTree = "<group>"; };
		848634651AAA2AF600523BEB /* BuyfromXTests.xctest */ = {isa = PBXFileReference; explicitFileType = wrapper.cfbundle; includeInIndex = 0; path = BuyfromXTests.xctest; sourceTree = BUILT_PRODUCTS_DIR; };
		8486346A1AAA2AF600523BEB /* Info.plist */ = {isa = PBXFileReference; lastKnownFileType = text.plist.xml; path = Info.plist; sourceTree = "<group>"; };
		8486346B1AAA2AF600523BEB /* BuyfromXTests.m */ = {isa = PBXFileReference; lastKnownFileType = sourcecode.c.objc; path = BuyfromXTests.m; sourceTree = "<group>"; };
/* End PBXFileReference section */

/* Begin PBXFrameworksBuildPhase section */
		848634491AAA2AF600523BEB /* Frameworks */ = {
			isa = PBXFrameworksBuildPhase;
			buildActionMask = 2147483647;
			files = (
				179730BB9A941C5CD5DB39F4 /* libPods.a in Frameworks */,
			);
			runOnlyForDeploymentPostprocessing = 0;
		};
		848634621AAA2AF600523BEB /* Frameworks */ = {
			isa = PBXFrameworksBuildPhase;
			buildActionMask = 2147483647;
			files = (
			);
			runOnlyForDeploymentPostprocessing = 0;
		};
/* End PBXFrameworksBuildPhase section */

/* Begin PBXGroup section */
		395319E27753E63C8EA3874D /* Pods */ = {
			isa = PBXGroup;
			children = (
				5AA2E885B8CF7C64CFCD220D /* Pods.debug.xcconfig */,
				2E4C09C779B20BDCD5C845C9 /* Pods.release.xcconfig */,
			);
			name = Pods;
			sourceTree = "<group>";
		};
		8405FBE81AAA775D0069545B /* bt_mono-AllStyles-v1p010-OTF-MAC */ = {
			isa = PBXGroup;
			children = (
				8405FBE91AAA775D0069545B /* bt_mono-Bold.otf */,
				8405FBEA1AAA775D0069545B /* bt_mono-Heavy.otf */,
				8405FBEB1AAA775D0069545B /* bt_mono-Medium.otf */,
				8405FBEC1AAA775D0069545B /* bt_mono-Regular.otf */,
			);
			path = "bt_mono-AllStyles-v1p010-OTF-MAC";
			sourceTree = "<group>";
		};
		8405FBF11AAA7E140069545B /* Products View */ = {
			isa = PBXGroup;
			children = (
				848634561AAA2AF600523BEB /* ProductsTableViewController.h */,
				848634571AAA2AF600523BEB /* ProductsTableViewController.m */,
				8405FBE21AAA596B0069545B /* BXProductTableViewCell.h */,
				8405FBE31AAA596B0069545B /* BXProductTableViewCell.m */,
				04C3625D1AAC289700146FD5 /* BXProductDetailViewController.h */,
				04C3625E1AAC289700146FD5 /* BXProductDetailViewController.m */,
			);
			name = "Products View";
			sourceTree = "<group>";
		};
		848634431AAA2AF600523BEB = {
			isa = PBXGroup;
			children = (
				8486344E1AAA2AF600523BEB /* BuyfromX */,
				848634681AAA2AF600523BEB /* BuyfromXTests */,
				8486344D1AAA2AF600523BEB /* Products */,
				395319E27753E63C8EA3874D /* Pods */,
				DE1B9D4869A7E9FDE5BCE9DD /* Frameworks */,
			);
			sourceTree = "<group>";
		};
		8486344D1AAA2AF600523BEB /* Products */ = {
			isa = PBXGroup;
			children = (
				8486344C1AAA2AF600523BEB /* BuyfromX.app */,
				848634651AAA2AF600523BEB /* BuyfromXTests.xctest */,
			);
			name = Products;
			sourceTree = "<group>";
		};
		8486344E1AAA2AF600523BEB /* BuyfromX */ = {
			isa = PBXGroup;
			children = (
				8405FBF11AAA7E140069545B /* Products View */,
				848634531AAA2AF600523BEB /* AppDelegate.h */,
				848634541AAA2AF600523BEB /* AppDelegate.m */,
				848634591AAA2AF600523BEB /* Main.storyboard */,
				8486345C1AAA2AF600523BEB /* Images.xcassets */,
				8486345E1AAA2AF600523BEB /* LaunchScreen.xib */,
				8486344F1AAA2AF600523BEB /* Supporting Files */,
				8405FBE51AAA5EC40069545B /* BXInitialViewController.h */,
				8405FBE61AAA5EC40069545B /* BXInitialViewController.m */,
			);
			path = BuyfromX;
			sourceTree = "<group>";
		};
		8486344F1AAA2AF600523BEB /* Supporting Files */ = {
			isa = PBXGroup;
			children = (
				8405FBE81AAA775D0069545B /* bt_mono-AllStyles-v1p010-OTF-MAC */,
				848634501AAA2AF600523BEB /* Info.plist */,
				848634511AAA2AF600523BEB /* main.m */,
			);
			name = "Supporting Files";
			sourceTree = "<group>";
		};
		848634681AAA2AF600523BEB /* BuyfromXTests */ = {
			isa = PBXGroup;
			children = (
				8486346B1AAA2AF600523BEB /* BuyfromXTests.m */,
				848634691AAA2AF600523BEB /* Supporting Files */,
			);
			path = BuyfromXTests;
			sourceTree = "<group>";
		};
		848634691AAA2AF600523BEB /* Supporting Files */ = {
			isa = PBXGroup;
			children = (
				8486346A1AAA2AF600523BEB /* Info.plist */,
			);
			name = "Supporting Files";
			sourceTree = "<group>";
		};
		DE1B9D4869A7E9FDE5BCE9DD /* Frameworks */ = {
			isa = PBXGroup;
			children = (
				7ACD5607F61FC2CB48E56B7A /* libPods.a */,
			);
			name = Frameworks;
			sourceTree = "<group>";
		};
/* End PBXGroup section */

/* Begin PBXNativeTarget section */
		8486344B1AAA2AF600523BEB /* BuyfromX */ = {
			isa = PBXNativeTarget;
			buildConfigurationList = 8486346F1AAA2AF600523BEB /* Build configuration list for PBXNativeTarget "BuyfromX" */;
			buildPhases = (
				CA15FC3B08ACD4A4035EC8B6 /* Check Pods Manifest.lock */,
				848634481AAA2AF600523BEB /* Sources */,
				848634491AAA2AF600523BEB /* Frameworks */,
				8486344A1AAA2AF600523BEB /* Resources */,
				8C76B15D6E7643000A58084D /* Copy Pods Resources */,
			);
			buildRules = (
			);
			dependencies = (
			);
			name = BuyfromX;
			productName = BuyfromX;
			productReference = 8486344C1AAA2AF600523BEB /* BuyfromX.app */;
			productType = "com.apple.product-type.application";
		};
		848634641AAA2AF600523BEB /* BuyfromXTests */ = {
			isa = PBXNativeTarget;
			buildConfigurationList = 848634721AAA2AF600523BEB /* Build configuration list for PBXNativeTarget "BuyfromXTests" */;
			buildPhases = (
				848634611AAA2AF600523BEB /* Sources */,
				848634621AAA2AF600523BEB /* Frameworks */,
				848634631AAA2AF600523BEB /* Resources */,
			);
			buildRules = (
			);
			dependencies = (
				848634671AAA2AF600523BEB /* PBXTargetDependency */,
			);
			name = BuyfromXTests;
			productName = BuyfromXTests;
			productReference = 848634651AAA2AF600523BEB /* BuyfromXTests.xctest */;
			productType = "com.apple.product-type.bundle.unit-test";
		};
/* End PBXNativeTarget section */

/* Begin PBXProject section */
		848634441AAA2AF600523BEB /* Project object */ = {
			isa = PBXProject;
			attributes = {
				CLASSPREFIX = BX;
				LastUpgradeCheck = 0610;
				ORGANIZATIONNAME = intelliot;
				TargetAttributes = {
					8486344B1AAA2AF600523BEB = {
						CreatedOnToolsVersion = 6.1.1;
					};
					848634641AAA2AF600523BEB = {
						CreatedOnToolsVersion = 6.1.1;
						TestTargetID = 8486344B1AAA2AF600523BEB;
					};
				};
			};
			buildConfigurationList = 848634471AAA2AF600523BEB /* Build configuration list for PBXProject "BuyfromX" */;
			compatibilityVersion = "Xcode 3.2";
			developmentRegion = English;
			hasScannedForEncodings = 0;
			knownRegions = (
				en,
				Base,
			);
			mainGroup = 848634431AAA2AF600523BEB;
			productRefGroup = 8486344D1AAA2AF600523BEB /* Products */;
			projectDirPath = "";
			projectRoot = "";
			targets = (
				8486344B1AAA2AF600523BEB /* BuyfromX */,
				848634641AAA2AF600523BEB /* BuyfromXTests */,
			);
		};
/* End PBXProject section */

/* Begin PBXResourcesBuildPhase section */
		8486344A1AAA2AF600523BEB /* Resources */ = {
			isa = PBXResourcesBuildPhase;
			buildActionMask = 2147483647;
			files = (
				8486345B1AAA2AF600523BEB /* Main.storyboard in Resources */,
				8405FBEF1AAA775D0069545B /* bt_mono-Medium.otf in Resources */,
				848634601AAA2AF600523BEB /* LaunchScreen.xib in Resources */,
				8405FBF01AAA775D0069545B /* bt_mono-Regular.otf in Resources */,
				8486345D1AAA2AF600523BEB /* Images.xcassets in Resources */,
				8405FBEE1AAA775D0069545B /* bt_mono-Heavy.otf in Resources */,
				8405FBED1AAA775D0069545B /* bt_mono-Bold.otf in Resources */,
			);
			runOnlyForDeploymentPostprocessing = 0;
		};
		848634631AAA2AF600523BEB /* Resources */ = {
			isa = PBXResourcesBuildPhase;
			buildActionMask = 2147483647;
			files = (
			);
			runOnlyForDeploymentPostprocessing = 0;
		};
/* End PBXResourcesBuildPhase section */

/* Begin PBXShellScriptBuildPhase section */
		8C76B15D6E7643000A58084D /* Copy Pods Resources */ = {
			isa = PBXShellScriptBuildPhase;
			buildActionMask = 2147483647;
			files = (
			);
			inputPaths = (
			);
			name = "Copy Pods Resources";
			outputPaths = (
			);
			runOnlyForDeploymentPostprocessing = 0;
			shellPath = /bin/sh;
			shellScript = "\"${SRCROOT}/Pods/Target Support Files/Pods/Pods-resources.sh\"\n";
			showEnvVarsInLog = 0;
		};
		CA15FC3B08ACD4A4035EC8B6 /* Check Pods Manifest.lock */ = {
			isa = PBXShellScriptBuildPhase;
			buildActionMask = 2147483647;
			files = (
			);
			inputPaths = (
			);
			name = "Check Pods Manifest.lock";
			outputPaths = (
			);
			runOnlyForDeploymentPostprocessing = 0;
			shellPath = /bin/sh;
			shellScript = "diff \"${PODS_ROOT}/../Podfile.lock\" \"${PODS_ROOT}/Manifest.lock\" > /dev/null\nif [[ $? != 0 ]] ; then\n    cat << EOM\nerror: The sandbox is not in sync with the Podfile.lock. Run 'pod install' or update your CocoaPods installation.\nEOM\n    exit 1\nfi\n";
			showEnvVarsInLog = 0;
		};
/* End PBXShellScriptBuildPhase section */

/* Begin PBXSourcesBuildPhase section */
		848634481AAA2AF600523BEB /* Sources */ = {
			isa = PBXSourcesBuildPhase;
			buildActionMask = 2147483647;
			files = (
				848634581AAA2AF600523BEB /* ProductsTableViewController.m in Sources */,
				8405FBE71AAA5EC40069545B /* BXInitialViewController.m in Sources */,
				8405FBE41AAA596B0069545B /* BXProductTableViewCell.m in Sources */,
				848634551AAA2AF600523BEB /* AppDelegate.m in Sources */,
				848634521AAA2AF600523BEB /* main.m in Sources */,
				04C3625F1AAC289700146FD5 /* BXProductDetailViewController.m in Sources */,
			);
			runOnlyForDeploymentPostprocessing = 0;
		};
		848634611AAA2AF600523BEB /* Sources */ = {
			isa = PBXSourcesBuildPhase;
			buildActionMask = 2147483647;
			files = (
				8486346C1AAA2AF600523BEB /* BuyfromXTests.m in Sources */,
			);
			runOnlyForDeploymentPostprocessing = 0;
		};
/* End PBXSourcesBuildPhase section */

/* Begin PBXTargetDependency section */
		848634671AAA2AF600523BEB /* PBXTargetDependency */ = {
			isa = PBXTargetDependency;
			target = 8486344B1AAA2AF600523BEB /* BuyfromX */;
			targetProxy = 848634661AAA2AF600523BEB /* PBXContainerItemProxy */;
		};
/* End PBXTargetDependency section */

/* Begin PBXVariantGroup section */
		848634591AAA2AF600523BEB /* Main.storyboard */ = {
			isa = PBXVariantGroup;
			children = (
				8486345A1AAA2AF600523BEB /* Base */,
			);
			name = Main.storyboard;
			sourceTree = "<group>";
		};
		8486345E1AAA2AF600523BEB /* LaunchScreen.xib */ = {
			isa = PBXVariantGroup;
			children = (
				8486345F1AAA2AF600523BEB /* Base */,
			);
			name = LaunchScreen.xib;
			sourceTree = "<group>";
		};
/* End PBXVariantGroup section */

/* Begin XCBuildConfiguration section */
		8486346D1AAA2AF600523BEB /* Debug */ = {
			isa = XCBuildConfiguration;
			buildSettings = {
				ALWAYS_SEARCH_USER_PATHS = NO;
				CLANG_CXX_LANGUAGE_STANDARD = "gnu++0x";
				CLANG_CXX_LIBRARY = "libc++";
				CLANG_ENABLE_MODULES = YES;
				CLANG_ENABLE_OBJC_ARC = YES;
				CLANG_WARN_BOOL_CONVERSION = YES;
				CLANG_WARN_CONSTANT_CONVERSION = YES;
				CLANG_WARN_DIRECT_OBJC_ISA_USAGE = YES_ERROR;
				CLANG_WARN_EMPTY_BODY = YES;
				CLANG_WARN_ENUM_CONVERSION = YES;
				CLANG_WARN_INT_CONVERSION = YES;
				CLANG_WARN_OBJC_ROOT_CLASS = YES_ERROR;
				CLANG_WARN_UNREACHABLE_CODE = YES;
				CLANG_WARN__DUPLICATE_METHOD_MATCH = YES;
				"CODE_SIGN_IDENTITY[sdk=iphoneos*]" = "iPhone Developer";
				COPY_PHASE_STRIP = NO;
				ENABLE_STRICT_OBJC_MSGSEND = YES;
				GCC_C_LANGUAGE_STANDARD = gnu99;
				GCC_DYNAMIC_NO_PIC = NO;
				GCC_OPTIMIZATION_LEVEL = 0;
				GCC_PREPROCESSOR_DEFINITIONS = (
					"DEBUG=1",
					"$(inherited)",
				);
				GCC_SYMBOLS_PRIVATE_EXTERN = NO;
				GCC_WARN_64_TO_32_BIT_CONVERSION = YES;
				GCC_WARN_ABOUT_RETURN_TYPE = YES_ERROR;
				GCC_WARN_UNDECLARED_SELECTOR = YES;
				GCC_WARN_UNINITIALIZED_AUTOS = YES_AGGRESSIVE;
				GCC_WARN_UNUSED_FUNCTION = YES;
				GCC_WARN_UNUSED_VARIABLE = YES;
				IPHONEOS_DEPLOYMENT_TARGET = 8.1;
				MTL_ENABLE_DEBUG_INFO = YES;
				ONLY_ACTIVE_ARCH = YES;
				SDKROOT = iphoneos;
			};
			name = Debug;
		};
		8486346E1AAA2AF600523BEB /* Release */ = {
			isa = XCBuildConfiguration;
			buildSettings = {
				ALWAYS_SEARCH_USER_PATHS = NO;
				CLANG_CXX_LANGUAGE_STANDARD = "gnu++0x";
				CLANG_CXX_LIBRARY = "libc++";
				CLANG_ENABLE_MODULES = YES;
				CLANG_ENABLE_OBJC_ARC = YES;
				CLANG_WARN_BOOL_CONVERSION = YES;
				CLANG_WARN_CONSTANT_CONVERSION = YES;
				CLANG_WARN_DIRECT_OBJC_ISA_USAGE = YES_ERROR;
				CLANG_WARN_EMPTY_BODY = YES;
				CLANG_WARN_ENUM_CONVERSION = YES;
				CLANG_WARN_INT_CONVERSION = YES;
				CLANG_WARN_OBJC_ROOT_CLASS = YES_ERROR;
				CLANG_WARN_UNREACHABLE_CODE = YES;
				CLANG_WARN__DUPLICATE_METHOD_MATCH = YES;
				"CODE_SIGN_IDENTITY[sdk=iphoneos*]" = "iPhone Developer";
				COPY_PHASE_STRIP = YES;
				ENABLE_NS_ASSERTIONS = NO;
				ENABLE_STRICT_OBJC_MSGSEND = YES;
				GCC_C_LANGUAGE_STANDARD = gnu99;
				GCC_WARN_64_TO_32_BIT_CONVERSION = YES;
				GCC_WARN_ABOUT_RETURN_TYPE = YES_ERROR;
				GCC_WARN_UNDECLARED_SELECTOR = YES;
				GCC_WARN_UNINITIALIZED_AUTOS = YES_AGGRESSIVE;
				GCC_WARN_UNUSED_FUNCTION = YES;
				GCC_WARN_UNUSED_VARIABLE = YES;
				IPHONEOS_DEPLOYMENT_TARGET = 8.1;
				MTL_ENABLE_DEBUG_INFO = NO;
				SDKROOT = iphoneos;
				VALIDATE_PRODUCT = YES;
			};
			name = Release;
		};
		848634701AAA2AF600523BEB /* Debug */ = {
			isa = XCBuildConfiguration;
			baseConfigurationReference = 5AA2E885B8CF7C64CFCD220D /* Pods.debug.xcconfig */;
			buildSettings = {
				ASSETCATALOG_COMPILER_APPICON_NAME = AppIcon;
				INFOPLIST_FILE = BuyfromX/Info.plist;
				LD_RUNPATH_SEARCH_PATHS = "$(inherited) @executable_path/Frameworks";
				PRODUCT_NAME = "$(TARGET_NAME)";
			};
			name = Debug;
		};
		848634711AAA2AF600523BEB /* Release */ = {
			isa = XCBuildConfiguration;
			baseConfigurationReference = 2E4C09C779B20BDCD5C845C9 /* Pods.release.xcconfig */;
			buildSettings = {
				ASSETCATALOG_COMPILER_APPICON_NAME = AppIcon;
				INFOPLIST_FILE = BuyfromX/Info.plist;
				LD_RUNPATH_SEARCH_PATHS = "$(inherited) @executable_path/Frameworks";
				PRODUCT_NAME = "$(TARGET_NAME)";
			};
			name = Release;
		};
		848634731AAA2AF600523BEB /* Debug */ = {
			isa = XCBuildConfiguration;
			buildSettings = {
				BUNDLE_LOADER = "$(TEST_HOST)";
				FRAMEWORK_SEARCH_PATHS = (
					"$(SDKROOT)/Developer/Library/Frameworks",
					"$(inherited)",
				);
				GCC_PREPROCESSOR_DEFINITIONS = (
					"DEBUG=1",
					"$(inherited)",
				);
				INFOPLIST_FILE = BuyfromXTests/Info.plist;
				LD_RUNPATH_SEARCH_PATHS = "$(inherited) @executable_path/Frameworks @loader_path/Frameworks";
				PRODUCT_NAME = "$(TARGET_NAME)";
				TEST_HOST = "$(BUILT_PRODUCTS_DIR)/BuyfromX.app/BuyfromX";
			};
			name = Debug;
		};
		848634741AAA2AF600523BEB /* Release */ = {
			isa = XCBuildConfiguration;
			buildSettings = {
				BUNDLE_LOADER = "$(TEST_HOST)";
				FRAMEWORK_SEARCH_PATHS = (
					"$(SDKROOT)/Developer/Library/Frameworks",
					"$(inherited)",
				);
				INFOPLIST_FILE = BuyfromXTests/Info.plist;
				LD_RUNPATH_SEARCH_PATHS = "$(inherited) @executable_path/Frameworks @loader_path/Frameworks";
				PRODUCT_NAME = "$(TARGET_NAME)";
				TEST_HOST = "$(BUILT_PRODUCTS_DIR)/BuyfromX.app/BuyfromX";
			};
			name = Release;
		};
/* End XCBuildConfiguration section */

/* Begin XCConfigurationList section */
		848634471AAA2AF600523BEB /* Build configuration list for PBXProject "BuyfromX" */ = {
			isa = XCConfigurationList;
			buildConfigurations = (
				8486346D1AAA2AF600523BEB /* Debug */,
				8486346E1AAA2AF600523BEB /* Release */,
			);
			defaultConfigurationIsVisible = 0;
			defaultConfigurationName = Release;
		};
		8486346F1AAA2AF600523BEB /* Build configuration list for PBXNativeTarget "BuyfromX" */ = {
			isa = XCConfigurationList;
			buildConfigurations = (
				848634701AAA2AF600523BEB /* Debug */,
				848634711AAA2AF600523BEB /* Release */,
			);
			defaultConfigurationIsVisible = 0;
			defaultConfigurationName = Release;
		};
		848634721AAA2AF600523BEB /* Build configuration list for PBXNativeTarget "BuyfromXTests" */ = {
			isa = XCConfigurationList;
			buildConfigurations = (
				848634731AAA2AF600523BEB /* Debug */,
				848634741AAA2AF600523BEB /* Release */,
			);
			defaultConfigurationIsVisible = 0;
			defaultConfigurationName = Release;
		};
/* End XCConfigurationList section */
	};
	rootObject = 848634441AAA2AF600523BEB /* Project object */;
}
